{
  "name": "@aicourse/mcp-courseops-reference",
  "version": "1.0.0",
  "lockfileVersion": 3,
  "requires": true,
  "packages": {
    "": {
      "name": "@aicourse/mcp-courseops-reference",
      "version": "1.0.0",
      "license": "MIT",
      "engines": {
        "node": ">=22"
      }
    }
  }
}
